
Microsoft Visual Studio Solution File, Format Version 12.00
# Visual Studio Version 16
VisualStudioVersion = 16.0.29613.14
MinimumVisualStudioVersion = 10.0.40219.1
Project("{2150E333-8FDC-42A3-9474-1A3956D46DE8}") = "Solution Items", "Solution Items", "{1ADEF5B3-B3AB-41FA-A0B7-4F39641C93A3}"
	ProjectSection(SolutionItems) = preProject
		PR_Fragenkatalog_TeilA.md = PR_Fragenkatalog_TeilA.md
		PR_Themenkatalog.md = PR_Themenkatalog.md
		README.md = README.md
	EndProjectSection
EndProject
Project("{2150E333-8FDC-42A3-9474-1A3956D46DE8}") = "Principle", "Principle", "{92A5BEE4-C86C-4A90-ADCC-BC7687FE4AE0}"
	ProjectSection(SolutionItems) = preProject
		OopPrinciple.md = OopPrinciple.md
	EndProjectSection
EndProject
Project("{2150E333-8FDC-42A3-9474-1A3956D46DE8}") = "Concepts", "Concepts", "{468758DC-F22C-4EFA-AC77-60AA21833472}"
	ProjectSection(SolutionItems) = preProject
		OopConcepts.md = OopConcepts.md
	EndProjectSection
EndProject
Global
	GlobalSection(SolutionProperties) = preSolution
		HideSolutionNode = FALSE
	EndGlobalSection
	GlobalSection(ExtensibilityGlobals) = postSolution
		SolutionGuid = {76745DB8-3F30-4DB6-963A-FF42BB86ACC4}
	EndGlobalSection
EndGlobal
